
Microsoft Visual Studio Solution File, Format Version 12.00
# Visual Studio Version 17
VisualStudioVersion = 17.14.36202.13 d17.14
MinimumVisualStudioVersion = 10.0.40219.1
Project("{FAE04EC0-301F-11D3-BF4B-00C04F79EFBC}") = "Examen_Apollo", "Examen_Apollo.csproj", "{CBAB55E9-C9F1-4090-B7FE-092EEB42114E}"
EndProject
Global
	GlobalSection(SolutionConfigurationPlatforms) = preSolution
		Debug|Any CPU = Debug|Any CPU
		Release|Any CPU = Release|Any CPU
	EndGlobalSection
	GlobalSection(ProjectConfigurationPlatforms) = postSolution
		{CBAB55E9-C9F1-4090-B7FE-092EEB42114E}.Debug|Any CPU.ActiveCfg = Debug|Any CPU
		{CBAB55E9-C9F1-4090-B7FE-092EEB42114E}.Debug|Any CPU.Build.0 = Debug|Any CPU
		{CBAB55E9-C9F1-4090-B7FE-092EEB42114E}.Release|Any CPU.ActiveCfg = Release|Any CPU
		{CBAB55E9-C9F1-4090-B7FE-092EEB42114E}.Release|Any CPU.Build.0 = Release|Any CPU
	EndGlobalSection
	GlobalSection(SolutionProperties) = preSolution
		HideSolutionNode = FALSE
	EndGlobalSection
	GlobalSection(ExtensibilityGlobals) = postSolution
		SolutionGuid = {FDE34DCD-06C5-48C3-AD41-EDE4830FC238}
	EndGlobalSection
EndGlobal
