
Microsoft Visual Studio Solution File, Format Version 12.00
# Visual Studio Version 17
VisualStudioVersion = 17.14.36202.13 d17.14
MinimumVisualStudioVersion = 10.0.40219.1
Project("{FAE04EC0-301F-11D3-BF4B-00C04F79EFBC}") = "Examen_Artemis", "Examen_Artemis.csproj", "{EDC73139-4335-4474-8F5B-CA970076D032}"
EndProject
Global
	GlobalSection(SolutionConfigurationPlatforms) = preSolution
		Debug|Any CPU = Debug|Any CPU
		Release|Any CPU = Release|Any CPU
	EndGlobalSection
	GlobalSection(ProjectConfigurationPlatforms) = postSolution
		{EDC73139-4335-4474-8F5B-CA970076D032}.Debug|Any CPU.ActiveCfg = Debug|Any CPU
		{EDC73139-4335-4474-8F5B-CA970076D032}.Debug|Any CPU.Build.0 = Debug|Any CPU
		{EDC73139-4335-4474-8F5B-CA970076D032}.Release|Any CPU.ActiveCfg = Release|Any CPU
		{EDC73139-4335-4474-8F5B-CA970076D032}.Release|Any CPU.Build.0 = Release|Any CPU
	EndGlobalSection
	GlobalSection(SolutionProperties) = preSolution
		HideSolutionNode = FALSE
	EndGlobalSection
	GlobalSection(ExtensibilityGlobals) = postSolution
		SolutionGuid = {D3F87B2A-386A-4D45-8269-22BF4E47E6A0}
	EndGlobalSection
EndGlobal
